
Microsoft Visual Studio Solution File, Format Version 12.00
# Visual Studio Version 17
VisualStudioVersion = 17.0.31912.275
MinimumVisualStudioVersion = 10.0.40219.1
Project("{9A19103F-16F7-4668-BE54-9A1E7A4F7556}") = "CSUtil", "CSUtil\CSUtil.csproj", "{2AEB019B-8B3C-4328-96EF-814695D04CE5}"
EndProject
Global
	GlobalSection(SolutionConfigurationPlatforms) = preSolution
		Debug|Any CPU = Debug|Any CPU
		Release|Any CPU = Release|Any CPU
	EndGlobalSection
	GlobalSection(ProjectConfigurationPlatforms) = postSolution
		{2AEB019B-8B3C-4328-96EF-814695D04CE5}.Debug|Any CPU.ActiveCfg = Debug|Any CPU
		{2AEB019B-8B3C-4328-96EF-814695D04CE5}.Debug|Any CPU.Build.0 = Debug|Any CPU
		{2AEB019B-8B3C-4328-96EF-814695D04CE5}.Release|Any CPU.ActiveCfg = Release|Any CPU
		{2AEB019B-8B3C-4328-96EF-814695D04CE5}.Release|Any CPU.Build.0 = Release|Any CPU
	EndGlobalSection
	GlobalSection(SolutionProperties) = preSolution
		HideSolutionNode = FALSE
	EndGlobalSection
	GlobalSection(ExtensibilityGlobals) = postSolution
		SolutionGuid = {4C5AF921-4901-4AD4-84B5-04BBB1A447A4}
	EndGlobalSection
EndGlobal
